
Microsoft Visual Studio Solution File, Format Version 12.00
# Visual Studio 2012
Project("{FAE04EC0-301F-11D3-BF4B-00C04F79EFBC}") = "Client_Ubuntu_Mono", "Client_Ubuntu_Mono\Client_Ubuntu_Mono.csproj", "{AABC6B66-506D-43D2-AF1A-BD084DE5DFD7}"
EndProject
Global
	GlobalSection(SolutionConfigurationPlatforms) = preSolution
		Debug|x86 = Debug|x86
		Release|x86 = Release|x86
	EndGlobalSection
	GlobalSection(ProjectConfigurationPlatforms) = postSolution
		{AABC6B66-506D-43D2-AF1A-BD084DE5DFD7}.Debug|x86.ActiveCfg = Debug|x86
		{AABC6B66-506D-43D2-AF1A-BD084DE5DFD7}.Debug|x86.Build.0 = Debug|x86
		{AABC6B66-506D-43D2-AF1A-BD084DE5DFD7}.Release|x86.ActiveCfg = Release|x86
		{AABC6B66-506D-43D2-AF1A-BD084DE5DFD7}.Release|x86.Build.0 = Release|x86
	EndGlobalSection
EndGlobal
